<?xml version="1.0" encoding="utf-8"?>
<Project ToolsVersion="4.0" xmlns="http://schemas.microsoft.com/developer/msbuild/2003">
  <ItemGroup>
    <Filter Include="Source Files">
      <UniqueIdentifier>{4FC737F1-C7A5-4376-A066-2A32D752A2FF}</UniqueIdentifier>
      <Extensions>cpp;c;cc;cxx;def;odl;idl;hpj;bat;asm;asmx</Extensions>
    </Filter>
    <Filter Include="Header Files">
      <UniqueIdentifier>{93995380-89BD-4b04-88EB-625FBE52EBFB}</UniqueIdentifier>
      <Extensions>h;hh;hpp;hxx;hm;inl;inc;xsd</Extensions>
    </Filter>
    <Filter Include="Resource Files">
      <UniqueIdentifier>{67DA6AB6-F800-4c08-8B7A-83BB121AAD01}</UniqueIdentifier>
      <Extensions>rc;ico;cur;bmp;dlg;rc2;rct;bin;rgs;gif;jpg;jpeg;jpe;resx;tiff;tif;png;wav;mfcribbon-ms</Extensions>
    </Filter>
  </ItemGroup>
  <ItemGroup>
    <ClCompile Include="MyForm.cpp">
      <Filter>Source Files</Filter>
    </ClCompile>
    <ClCompile Include="Janela4.cpp">
      <Filter>Source Files</Filter>
    </ClCompile>
    <ClCompile Include="CaixaDeDialogo.cpp">
      <Filter>Source Files</Filter>
    </ClCompile>
    <ClCompile Include="Despachador.cpp">
      <Filter>Source Files</Filter>
    </ClCompile>
    <ClCompile Include="CriarEquipamento.cpp">
      <Filter>Source Files</Filter>
    </ClCompile>
    <ClCompile Include="gerenciarEquipamento.cpp">
      <Filter>Source Files</Filter>
    </ClCompile>
    <ClCompile Include="ServicoComunicacao1.cpp">
      <Filter>Source Files</Filter>
    </ClCompile>
    <ClCompile Include="ServicoComunicacao2.cpp">
      <Filter>Source Files</Filter>
    </ClCompile>
    <ClCompile Include="ServicoComunicacao0.cpp">
      <Filter>Source Files</Filter>
    </ClCompile>
    <ClCompile Include="VizualizarBuracos.cpp">
      <Filter>Source Files</Filter>
    </ClCompile>
    <ClCompile Include="AlterarEquipamento.cpp">
      <Filter>Source Files</Filter>
    </ClCompile>
    <ClCompile Include="RemoverEquipamento.cpp">
      <Filter>Source Files</Filter>
    </ClCompile>
    <ClCompile Include="Servico_Comunicacao_NotificarFinalizado.cpp">
      <Filter>Source Files</Filter>
    </ClCompile>
    <ClCompile Include="criarMaterial.cpp">
      <Filter>Source Files</Filter>
    </ClCompile>
    <ClCompile Include="criarEquipe.cpp">
      <Filter>Source Files</Filter>
    </ClCompile>
    <ClCompile Include="criarMobilizacao.cpp">
      <Filter>Source Files</Filter>
    </ClCompile>
    <ClCompile Include="gerenciarMaterial.cpp">
      <Filter>Source Files</Filter>
    </ClCompile>
    <ClCompile Include="gerenciarEquipe.cpp">
      <Filter>Source Files</Filter>
    </ClCompile>
    <ClCompile Include="gerenciarSaida.cpp">
      <Filter>Source Files</Filter>
    </ClCompile>
    <ClCompile Include="gerenciarMobilizacao.cpp">
      <Filter>Source Files</Filter>
    </ClCompile>
    <ClCompile Include="removerEquipe.cpp">
      <Filter>Source Files</Filter>
    </ClCompile>
    <ClCompile Include="removerMaterial.cpp">
      <Filter>Source Files</Filter>
    </ClCompile>
    <ClCompile Include="removerMobilizacao.cpp">
      <Filter>Source Files</Filter>
    </ClCompile>
    <ClCompile Include="removerSaida.cpp">
      <Filter>Source Files</Filter>
    </ClCompile>
    <ClCompile Include="alterarEquipe.cpp">
      <Filter>Source Files</Filter>
    </ClCompile>
    <ClCompile Include="alterarMaterial.cpp">
      <Filter>Source Files</Filter>
    </ClCompile>
    <ClCompile Include="alterarSaida.cpp">
      <Filter>Source Files</Filter>
    </ClCompile>
    <ClCompile Include="alterarMobilizacao.cpp">
      <Filter>Source Files</Filter>
    </ClCompile>
    <ClCompile Include="saidaEquipe.cpp">
      <Filter>Source Files</Filter>
    </ClCompile>
    <ClCompile Include="saidaMaterial.cpp">
      <Filter>Source Files</Filter>
    </ClCompile>
    <ClCompile Include="saidaEquipamento.cpp">
      <Filter>Source Files</Filter>
    </ClCompile>
    <ClCompile Include="saidaMobilizacao.cpp">
      <Filter>Source Files</Filter>
    </ClCompile>
    <ClCompile Include="ServicoComunicacao2_Pronto.cpp">
      <Filter>Source Files</Filter>
    </ClCompile>
    <ClCompile Include="CadastroFuncionario.cpp">
      <Filter>Source Files</Filter>
    </ClCompile>
    <ClCompile Include="MySQLDAO.cpp">
      <Filter>Source Files</Filter>
    </ClCompile>
    <ClCompile Include="MaterialDAO.cpp">
      <Filter>Source Files</Filter>
    </ClCompile>
    <ClCompile Include="equipeDAO.cpp">
      <Filter>Source Files</Filter>
    </ClCompile>
    <ClCompile Include="equipe.cpp">
      <Filter>Source Files</Filter>
    </ClCompile>
    <ClCompile Include="buracoDAO.cpp">
      <Filter>Source Files</Filter>
    </ClCompile>
    <ClCompile Include="buracos.cpp">
      <Filter>Source Files</Filter>
    </ClCompile>
    <ClCompile Include="material.cpp">
      <Filter>Source Files</Filter>
    </ClCompile>
    <ClCompile Include="mobilizacao.cpp">
      <Filter>Source Files</Filter>
    </ClCompile>
    <ClCompile Include="equipamento.cpp">
      <Filter>Source Files</Filter>
    </ClCompile>
    <ClCompile Include="equipamentoDAO.cpp">
      <Filter>Source Files</Filter>
    </ClCompile>
    <ClCompile Include="OS.cpp">
      <Filter>Source Files</Filter>
    </ClCompile>
    <ClCompile Include="mobilizacaoDAO.cpp">
      <Filter>Source Files</Filter>
    </ClCompile>
    <ClCompile Include="MyForm14.cpp">
      <Filter>Source Files</Filter>
    </ClCompile>
    <ClCompile Include="equipeTrabalho.cpp">
      <Filter>Source Files</Filter>
    </ClCompile>
    <ClCompile Include="telaEquipe.cpp">
      <Filter>Source Files</Filter>
    </ClCompile>
    <ClCompile Include="OSDAO.cpp">
      <Filter>Source Files</Filter>
    </ClCompile>
  </ItemGroup>
  <ItemGroup>
    <ClInclude Include="MyForm.h">
      <Filter>Header Files</Filter>
    </ClInclude>
    <ClInclude Include="Janela4.h">
      <Filter>Header Files</Filter>
    </ClInclude>
    <ClInclude Include="CaixaDeDialogo.h">
      <Filter>Header Files</Filter>
    </ClInclude>
    <ClInclude Include="CriarEquipamento.h">
      <Filter>Header Files</Filter>
    </ClInclude>
    <ClInclude Include="gerenciarEquipamento.h">
      <Filter>Header Files</Filter>
    </ClInclude>
    <ClInclude Include="ServicoComunicacao1.h">
      <Filter>Header Files</Filter>
    </ClInclude>
    <ClInclude Include="ServicoComunicacao2.h">
      <Filter>Header Files</Filter>
    </ClInclude>
    <ClInclude Include="ServicoComunicacao0.h">
      <Filter>Header Files</Filter>
    </ClInclude>
    <ClInclude Include="VizualizarBuracos.h">
      <Filter>Header Files</Filter>
    </ClInclude>
    <ClInclude Include="AlterarEquipamento.h">
      <Filter>Header Files</Filter>
    </ClInclude>
    <ClInclude Include="RemoverEquipamento.h">
      <Filter>Header Files</Filter>
    </ClInclude>
    <ClInclude Include="Despachador.h">
      <Filter>Header Files</Filter>
    </ClInclude>
    <ClInclude Include="Servico_Comunicacao_NotificarFinalizado.h">
      <Filter>Header Files</Filter>
    </ClInclude>
    <ClInclude Include="criarMaterial.h">
      <Filter>Header Files</Filter>
    </ClInclude>
    <ClInclude Include="criarEquipe.h">
      <Filter>Header Files</Filter>
    </ClInclude>
    <ClInclude Include="criarMobilizacao.h">
      <Filter>Header Files</Filter>
    </ClInclude>
    <ClInclude Include="gerenciarMaterial.h">
      <Filter>Header Files</Filter>
    </ClInclude>
    <ClInclude Include="gerenciarEquipe.h">
      <Filter>Header Files</Filter>
    </ClInclude>
    <ClInclude Include="gerenciarSaida.h">
      <Filter>Header Files</Filter>
    </ClInclude>
    <ClInclude Include="gerenciarMobilizacao.h">
      <Filter>Header Files</Filter>
    </ClInclude>
    <ClInclude Include="removerEquipe.h">
      <Filter>Header Files</Filter>
    </ClInclude>
    <ClInclude Include="removerMaterial.h">
      <Filter>Header Files</Filter>
    </ClInclude>
    <ClInclude Include="removerMobilizacao.h">
      <Filter>Header Files</Filter>
    </ClInclude>
    <ClInclude Include="removerSaida.h">
      <Filter>Header Files</Filter>
    </ClInclude>
    <ClInclude Include="alterarEquipe.h">
      <Filter>Header Files</Filter>
    </ClInclude>
    <ClInclude Include="alterarMaterial.h">
      <Filter>Header Files</Filter>
    </ClInclude>
    <ClInclude Include="alterarSaida.h">
      <Filter>Header Files</Filter>
    </ClInclude>
    <ClInclude Include="alterarMobilizacao.h">
      <Filter>Header Files</Filter>
    </ClInclude>
    <ClInclude Include="saidaEquipe.h">
      <Filter>Header Files</Filter>
    </ClInclude>
    <ClInclude Include="saidaMaterial.h">
      <Filter>Header Files</Filter>
    </ClInclude>
    <ClInclude Include="saidaEquipamento.h">
      <Filter>Header Files</Filter>
    </ClInclude>
    <ClInclude Include="saidaMobilizacao.h">
      <Filter>Header Files</Filter>
    </ClInclude>
    <ClInclude Include="ServicoComunicacao2_Pronto.h">
      <Filter>Header Files</Filter>
    </ClInclude>
    <ClInclude Include="CadastroFuncionario.h">
      <Filter>Header Files</Filter>
    </ClInclude>
    <ClInclude Include="MySQLDAO.h">
      <Filter>Header Files</Filter>
    </ClInclude>
    <ClInclude Include="MaterialDAO.h">
      <Filter>Header Files</Filter>
    </ClInclude>
    <ClInclude Include="equipeDAO.h">
      <Filter>Header Files</Filter>
    </ClInclude>
    <ClInclude Include="equipe.h">
      <Filter>Header Files</Filter>
    </ClInclude>
    <ClInclude Include="buracoDAO.h">
      <Filter>Header Files</Filter>
    </ClInclude>
    <ClInclude Include="buracos.h">
      <Filter>Header Files</Filter>
    </ClInclude>
    <ClInclude Include="material.h">
      <Filter>Header Files</Filter>
    </ClInclude>
    <ClInclude Include="mobilizacao.h">
      <Filter>Header Files</Filter>
    </ClInclude>
    <ClInclude Include="equipamento.h">
      <Filter>Header Files</Filter>
    </ClInclude>
    <ClInclude Include="equipamentoDAO.h">
      <Filter>Header Files</Filter>
    </ClInclude>
    <ClInclude Include="OS.h">
      <Filter>Header Files</Filter>
    </ClInclude>
    <ClInclude Include="mobilizacaoDAO.h">
      <Filter>Header Files</Filter>
    </ClInclude>
    <ClInclude Include="MyForm14.h">
      <Filter>Header Files</Filter>
    </ClInclude>
    <ClInclude Include="telaEquipe.h">
      <Filter>Header Files</Filter>
    </ClInclude>
    <ClInclude Include="OSDAO.h">
      <Filter>Header Files</Filter>
    </ClInclude>
  </ItemGroup>
  <ItemGroup>
    <EmbeddedResource Include="MyForm.resx">
      <Filter>Resource Files</Filter>
    </EmbeddedResource>
    <EmbeddedResource Include="Janela4.resx">
      <Filter>Resource Files</Filter>
    </EmbeddedResource>
    <EmbeddedResource Include="CaixaDeDialogo.resx">
      <Filter>Resource Files</Filter>
    </EmbeddedResource>
    <EmbeddedResource Include="ServicoComunicacao1.resx">
      <Filter>Resource Files</Filter>
    </EmbeddedResource>
    <EmbeddedResource Include="ServicoComunicacao2.resx">
      <Filter>Resource Files</Filter>
    </EmbeddedResource>
    <EmbeddedResource Include="ServicoComunicacao0.resx">
      <Filter>Resource Files</Filter>
    </EmbeddedResource>
    <EmbeddedResource Include="Despachador.resx">
      <Filter>Resource Files</Filter>
    </EmbeddedResource>
    <EmbeddedResource Include="CriarEquipamento.resx">
      <Filter>Resource Files</Filter>
    </EmbeddedResource>
    <EmbeddedResource Include="gerenciarEquipamento.resx">
      <Filter>Resource Files</Filter>
    </EmbeddedResource>
    <EmbeddedResource Include="AlterarEquipamento.resx">
      <Filter>Resource Files</Filter>
    </EmbeddedResource>
    <EmbeddedResource Include="RemoverEquipamento.resx">
      <Filter>Resource Files</Filter>
    </EmbeddedResource>
    <EmbeddedResource Include="VizualizarBuracos.resx">
      <Filter>Resource Files</Filter>
    </EmbeddedResource>
    <EmbeddedResource Include="Servico_Comunicacao_NotificarFinalizado.resx">
      <Filter>Resource Files</Filter>
    </EmbeddedResource>
    <EmbeddedResource Include="alterarEquipe.resx">
      <Filter>Resource Files</Filter>
    </EmbeddedResource>
    <EmbeddedResource Include="alterarMaterial.resx">
      <Filter>Resource Files</Filter>
    </EmbeddedResource>
    <EmbeddedResource Include="alterarMobilizacao.resx">
      <Filter>Resource Files</Filter>
    </EmbeddedResource>
    <EmbeddedResource Include="criarEquipe.resx">
      <Filter>Resource Files</Filter>
    </EmbeddedResource>
    <EmbeddedResource Include="criarMaterial.resx">
      <Filter>Resource Files</Filter>
    </EmbeddedResource>
    <EmbeddedResource Include="criarMobilizacao.resx">
      <Filter>Resource Files</Filter>
    </EmbeddedResource>
    <EmbeddedResource Include="gerenciarEquipe.resx">
      <Filter>Resource Files</Filter>
    </EmbeddedResource>
    <EmbeddedResource Include="gerenciarMaterial.resx">
      <Filter>Resource Files</Filter>
    </EmbeddedResource>
    <EmbeddedResource Include="gerenciarMobilizacao.resx">
      <Filter>Resource Files</Filter>
    </EmbeddedResource>
    <EmbeddedResource Include="gerenciarSaida.resx">
      <Filter>Resource Files</Filter>
    </EmbeddedResource>
    <EmbeddedResource Include="removerEquipe.resx">
      <Filter>Resource Files</Filter>
    </EmbeddedResource>
    <EmbeddedResource Include="removerMaterial.resx">
      <Filter>Resource Files</Filter>
    </EmbeddedResource>
    <EmbeddedResource Include="removerMobilizacao.resx">
      <Filter>Resource Files</Filter>
    </EmbeddedResource>
    <EmbeddedResource Include="saidaEquipamento.resx">
      <Filter>Resource Files</Filter>
    </EmbeddedResource>
    <EmbeddedResource Include="saidaEquipe.resx">
      <Filter>Resource Files</Filter>
    </EmbeddedResource>
    <EmbeddedResource Include="saidaMaterial.resx">
      <Filter>Resource Files</Filter>
    </EmbeddedResource>
    <EmbeddedResource Include="ServicoComunicacao2_Pronto.resx">
      <Filter>Resource Files</Filter>
    </EmbeddedResource>
    <EmbeddedResource Include="CadastroFuncionario.resx">
      <Filter>Resource Files</Filter>
    </EmbeddedResource>
    <EmbeddedResource Include="telaEquipe.resx">
      <Filter>Resource Files</Filter>
    </EmbeddedResource>
  </ItemGroup>
</Project>